<?xml version="1.0" encoding="utf-8"?>
<Project ToolsVersion="4.0" xmlns="http://schemas.microsoft.com/developer/msbuild/2003">
  <ItemGroup>
    <Filter Include="源文件">
      <UniqueIdentifier>{4FC737F1-C7A5-4376-A066-2A32D752A2FF}</UniqueIdentifier>
      <Extensions>cpp;c;cc;cxx;def;odl;idl;hpj;bat;asm;asmx</Extensions>
    </Filter>
    <Filter Include="头文件">
      <UniqueIdentifier>{93995380-89BD-4b04-88EB-625FBE52EBFB}</UniqueIdentifier>
      <Extensions>h;hh;hpp;hxx;hm;inl;inc;xsd</Extensions>
    </Filter>
    <Filter Include="资源文件">
      <UniqueIdentifier>{67DA6AB6-F800-4c08-8B7A-83BB121AAD01}</UniqueIdentifier>
      <Extensions>rc;ico;cur;bmp;dlg;rc2;rct;bin;rgs;gif;jpg;jpeg;jpe;resx;tiff;tif;png;wav;mfcribbon-ms</Extensions>
    </Filter>
  </ItemGroup>
  <ItemGroup>
    <Text Include="ReadMe.txt" />
  </ItemGroup>
  <ItemGroup>
    <ClInclude Include="SecurityGuard.h">
      <Filter>头文件</Filter>
    </ClInclude>
    <ClInclude Include="MainDlg.h">
      <Filter>头文件</Filter>
    </ClInclude>
    <ClInclude Include="stdafx.h">
      <Filter>头文件</Filter>
    </ClInclude>
    <ClInclude Include="targetver.h">
      <Filter>头文件</Filter>
    </ClInclude>
    <ClInclude Include="Resource.h">
      <Filter>头文件</Filter>
    </ClInclude>
    <ClInclude Include="TabMain.h">
      <Filter>头文件</Filter>
    </ClInclude>
    <ClInclude Include="FileDlg.h">
      <Filter>头文件</Filter>
    </ClInclude>
    <ClInclude Include="PerformDlg.h">
      <Filter>头文件</Filter>
    </ClInclude>
    <ClInclude Include="PowerDlg.h">
      <Filter>头文件</Filter>
    </ClInclude>
    <ClInclude Include="ProcessDlg.h">
      <Filter>头文件</Filter>
    </ClInclude>
    <ClInclude Include="WndDlg.h">
      <Filter>头文件</Filter>
    </ClInclude>
    <ClInclude Include="ListCtrlCore.h">
      <Filter>头文件</Filter>
    </ClInclude>
    <ClInclude Include="ProcessList.h">
      <Filter>头文件</Filter>
    </ClInclude>
    <ClInclude Include="ThreadDlg.h">
      <Filter>头文件</Filter>
    </ClInclude>
    <ClInclude Include="ModuleDlg.h">
      <Filter>头文件</Filter>
    </ClInclude>
    <ClInclude Include="HeapDlg.h">
      <Filter>头文件</Filter>
    </ClInclude>
    <ClInclude Include="ThreadList.h">
      <Filter>头文件</Filter>
    </ClInclude>
    <ClInclude Include="ModuleList.h">
      <Filter>头文件</Filter>
    </ClInclude>
    <ClInclude Include="HeapList.h">
      <Filter>头文件</Filter>
    </ClInclude>
    <ClInclude Include="WndList.h">
      <Filter>头文件</Filter>
    </ClInclude>
    <ClInclude Include="FilesTree.h">
      <Filter>头文件</Filter>
    </ClInclude>
    <ClInclude Include="Pe.h">
      <Filter>头文件</Filter>
    </ClInclude>
    <ClInclude Include="PeDlg.h">
      <Filter>头文件</Filter>
    </ClInclude>
    <ClInclude Include="NtHeaderDlg.h">
      <Filter>头文件</Filter>
    </ClInclude>
    <ClInclude Include="SectionHeaderDlg.h">
      <Filter>头文件</Filter>
    </ClInclude>
    <ClInclude Include="SectionHeaderList.h">
      <Filter>头文件</Filter>
    </ClInclude>
    <ClInclude Include="DataDirDlb.h">
      <Filter>头文件</Filter>
    </ClInclude>
    <ClInclude Include="ExportDirDlg.h">
      <Filter>头文件</Filter>
    </ClInclude>
    <ClInclude Include="ExportDirList.h">
      <Filter>头文件</Filter>
    </ClInclude>
    <ClInclude Include="ImportDescDlg.h">
      <Filter>头文件</Filter>
    </ClInclude>
    <ClInclude Include="ImportDllList.h">
      <Filter>头文件</Filter>
    </ClInclude>
    <ClInclude Include="ImportThunkList.h">
      <Filter>头文件</Filter>
    </ClInclude>
    <ClInclude Include="ResourceDirDlg.h">
      <Filter>头文件</Filter>
    </ClInclude>
    <ClInclude Include="RelocationDlg.h">
      <Filter>头文件</Filter>
    </ClInclude>
    <ClInclude Include="TlsDlg.h">
      <Filter>头文件</Filter>
    </ClInclude>
  </ItemGroup>
  <ItemGroup>
    <ClCompile Include="SecurityGuard.cpp">
      <Filter>源文件</Filter>
    </ClCompile>
    <ClCompile Include="MainDlg.cpp">
      <Filter>源文件</Filter>
    </ClCompile>
    <ClCompile Include="stdafx.cpp">
      <Filter>源文件</Filter>
    </ClCompile>
    <ClCompile Include="TabMain.cpp">
      <Filter>源文件</Filter>
    </ClCompile>
    <ClCompile Include="FileDlg.cpp">
      <Filter>源文件</Filter>
    </ClCompile>
    <ClCompile Include="PerformDlg.cpp">
      <Filter>源文件</Filter>
    </ClCompile>
    <ClCompile Include="PowerDlg.cpp">
      <Filter>源文件</Filter>
    </ClCompile>
    <ClCompile Include="ProcessDlg.cpp">
      <Filter>源文件</Filter>
    </ClCompile>
    <ClCompile Include="WndDlg.cpp">
      <Filter>源文件</Filter>
    </ClCompile>
    <ClCompile Include="ListCtrlCore.cpp">
      <Filter>源文件</Filter>
    </ClCompile>
    <ClCompile Include="ProcessList.cpp">
      <Filter>源文件</Filter>
    </ClCompile>
    <ClCompile Include="ThreadDlg.cpp">
      <Filter>源文件</Filter>
    </ClCompile>
    <ClCompile Include="ModuleDlg.cpp">
      <Filter>源文件</Filter>
    </ClCompile>
    <ClCompile Include="HeapDlg.cpp">
      <Filter>源文件</Filter>
    </ClCompile>
    <ClCompile Include="ThreadList.cpp">
      <Filter>源文件</Filter>
    </ClCompile>
    <ClCompile Include="ModuleList.cpp">
      <Filter>源文件</Filter>
    </ClCompile>
    <ClCompile Include="HeapList.cpp">
      <Filter>源文件</Filter>
    </ClCompile>
    <ClCompile Include="WndList.cpp">
      <Filter>源文件</Filter>
    </ClCompile>
    <ClCompile Include="FilesTree.cpp">
      <Filter>源文件</Filter>
    </ClCompile>
    <ClCompile Include="Pe.cpp">
      <Filter>源文件</Filter>
    </ClCompile>
    <ClCompile Include="PeDlg.cpp">
      <Filter>源文件</Filter>
    </ClCompile>
    <ClCompile Include="NtHeaderDlg.cpp">
      <Filter>源文件</Filter>
    </ClCompile>
    <ClCompile Include="SectionHeaderDlg.cpp">
      <Filter>源文件</Filter>
    </ClCompile>
    <ClCompile Include="SectionHeaderList.cpp">
      <Filter>源文件</Filter>
    </ClCompile>
    <ClCompile Include="DataDirDlb.cpp">
      <Filter>源文件</Filter>
    </ClCompile>
    <ClCompile Include="ExportDirDlg.cpp">
      <Filter>源文件</Filter>
    </ClCompile>
    <ClCompile Include="ExportDirList.cpp">
      <Filter>源文件</Filter>
    </ClCompile>
    <ClCompile Include="ImportDescDlg.cpp">
      <Filter>源文件</Filter>
    </ClCompile>
    <ClCompile Include="ImportDllList.cpp">
      <Filter>源文件</Filter>
    </ClCompile>
    <ClCompile Include="ImportThunkList.cpp">
      <Filter>源文件</Filter>
    </ClCompile>
    <ClCompile Include="ResourceDirDlg.cpp">
      <Filter>源文件</Filter>
    </ClCompile>
    <ClCompile Include="RelocationDlg.cpp">
      <Filter>源文件</Filter>
    </ClCompile>
    <ClCompile Include="TlsDlg.cpp">
      <Filter>源文件</Filter>
    </ClCompile>
  </ItemGroup>
  <ItemGroup>
    <ResourceCompile Include="SecurityGuard.rc">
      <Filter>资源文件</Filter>
    </ResourceCompile>
  </ItemGroup>
  <ItemGroup>
    <None Include="res\SecurityGuard.rc2">
      <Filter>资源文件</Filter>
    </None>
  </ItemGroup>
  <ItemGroup>
    <Image Include="res\SecurityGuard.ico">
      <Filter>资源文件</Filter>
    </Image>
  </ItemGroup>
</Project>